
Microsoft Visual Studio Solution File, Format Version 12.00
# Visual Studio Version 17
VisualStudioVersion = 17.3.32901.215
MinimumVisualStudioVersion = 10.0.40219.1
Project("{8BC9CEB8-8B4A-11D0-8D11-00A0C91BC942}") = "Arithmetic pregression", "Arithmetic pregression.vcxproj", "{AC53A113-1A8A-4B1F-9CF3-99B565377312}"
EndProject
Global
	GlobalSection(SolutionConfigurationPlatforms) = preSolution
		Debug|x64 = Debug|x64
		Debug|x86 = Debug|x86
		Release|x64 = Release|x64
		Release|x86 = Release|x86
	EndGlobalSection
	GlobalSection(ProjectConfigurationPlatforms) = postSolution
		{AC53A113-1A8A-4B1F-9CF3-99B565377312}.Debug|x64.ActiveCfg = Debug|x64
		{AC53A113-1A8A-4B1F-9CF3-99B565377312}.Debug|x64.Build.0 = Debug|x64
		{AC53A113-1A8A-4B1F-9CF3-99B565377312}.Debug|x86.ActiveCfg = Debug|Win32
		{AC53A113-1A8A-4B1F-9CF3-99B565377312}.Debug|x86.Build.0 = Debug|Win32
		{AC53A113-1A8A-4B1F-9CF3-99B565377312}.Release|x64.ActiveCfg = Release|x64
		{AC53A113-1A8A-4B1F-9CF3-99B565377312}.Release|x64.Build.0 = Release|x64
		{AC53A113-1A8A-4B1F-9CF3-99B565377312}.Release|x86.ActiveCfg = Release|Win32
		{AC53A113-1A8A-4B1F-9CF3-99B565377312}.Release|x86.Build.0 = Release|Win32
	EndGlobalSection
	GlobalSection(SolutionProperties) = preSolution
		HideSolutionNode = FALSE
	EndGlobalSection
	GlobalSection(ExtensibilityGlobals) = postSolution
		SolutionGuid = {E70803E0-82ED-4B4A-8A8F-D485EAD724FC}
	EndGlobalSection
EndGlobal
