
Microsoft Visual Studio Solution File, Format Version 12.00
# Visual Studio Version 17
VisualStudioVersion = 17.3.32901.215
MinimumVisualStudioVersion = 10.0.40219.1
Project("{8BC9CEB8-8B4A-11D0-8D11-00A0C91BC942}") = "sort 0s and  1s in an array", "sort 0s and  1s in an array.vcxproj", "{E492ECEC-EB62-464A-88E7-480991DD2BEF}"
EndProject
Global
	GlobalSection(SolutionConfigurationPlatforms) = preSolution
		Debug|x64 = Debug|x64
		Debug|x86 = Debug|x86
		Release|x64 = Release|x64
		Release|x86 = Release|x86
	EndGlobalSection
	GlobalSection(ProjectConfigurationPlatforms) = postSolution
		{E492ECEC-EB62-464A-88E7-480991DD2BEF}.Debug|x64.ActiveCfg = Debug|x64
		{E492ECEC-EB62-464A-88E7-480991DD2BEF}.Debug|x64.Build.0 = Debug|x64
		{E492ECEC-EB62-464A-88E7-480991DD2BEF}.Debug|x86.ActiveCfg = Debug|Win32
		{E492ECEC-EB62-464A-88E7-480991DD2BEF}.Debug|x86.Build.0 = Debug|Win32
		{E492ECEC-EB62-464A-88E7-480991DD2BEF}.Release|x64.ActiveCfg = Release|x64
		{E492ECEC-EB62-464A-88E7-480991DD2BEF}.Release|x64.Build.0 = Release|x64
		{E492ECEC-EB62-464A-88E7-480991DD2BEF}.Release|x86.ActiveCfg = Release|Win32
		{E492ECEC-EB62-464A-88E7-480991DD2BEF}.Release|x86.Build.0 = Release|Win32
	EndGlobalSection
	GlobalSection(SolutionProperties) = preSolution
		HideSolutionNode = FALSE
	EndGlobalSection
	GlobalSection(ExtensibilityGlobals) = postSolution
		SolutionGuid = {86C14213-D232-4647-B7E8-ABCC371F7461}
	EndGlobalSection
EndGlobal
