
Microsoft Visual Studio Solution File, Format Version 12.00
# Visual Studio Version 17
VisualStudioVersion = 17.3.32901.215
MinimumVisualStudioVersion = 10.0.40219.1
Project("{8BC9CEB8-8B4A-11D0-8D11-00A0C91BC942}") = "Complement of base 10 integer", "Complement of base 10 integer.vcxproj", "{123A8FD7-B11B-4E16-8A29-1FB9EAD7AF51}"
EndProject
Global
	GlobalSection(SolutionConfigurationPlatforms) = preSolution
		Debug|x64 = Debug|x64
		Debug|x86 = Debug|x86
		Release|x64 = Release|x64
		Release|x86 = Release|x86
	EndGlobalSection
	GlobalSection(ProjectConfigurationPlatforms) = postSolution
		{123A8FD7-B11B-4E16-8A29-1FB9EAD7AF51}.Debug|x64.ActiveCfg = Debug|x64
		{123A8FD7-B11B-4E16-8A29-1FB9EAD7AF51}.Debug|x64.Build.0 = Debug|x64
		{123A8FD7-B11B-4E16-8A29-1FB9EAD7AF51}.Debug|x86.ActiveCfg = Debug|Win32
		{123A8FD7-B11B-4E16-8A29-1FB9EAD7AF51}.Debug|x86.Build.0 = Debug|Win32
		{123A8FD7-B11B-4E16-8A29-1FB9EAD7AF51}.Release|x64.ActiveCfg = Release|x64
		{123A8FD7-B11B-4E16-8A29-1FB9EAD7AF51}.Release|x64.Build.0 = Release|x64
		{123A8FD7-B11B-4E16-8A29-1FB9EAD7AF51}.Release|x86.ActiveCfg = Release|Win32
		{123A8FD7-B11B-4E16-8A29-1FB9EAD7AF51}.Release|x86.Build.0 = Release|Win32
	EndGlobalSection
	GlobalSection(SolutionProperties) = preSolution
		HideSolutionNode = FALSE
	EndGlobalSection
	GlobalSection(ExtensibilityGlobals) = postSolution
		SolutionGuid = {DA1445BA-6268-4BCB-8895-27C8A520F774}
	EndGlobalSection
EndGlobal
