
Microsoft Visual Studio Solution File, Format Version 12.00
# Visual Studio Version 17
VisualStudioVersion = 17.3.32901.215
MinimumVisualStudioVersion = 10.0.40219.1
Project("{8BC9CEB8-8B4A-11D0-8D11-00A0C91BC942}") = "Max and Min num in an array", "Max and Min num in an array.vcxproj", "{2E4317A8-501C-4E13-8299-44679698C243}"
EndProject
Global
	GlobalSection(SolutionConfigurationPlatforms) = preSolution
		Debug|x64 = Debug|x64
		Debug|x86 = Debug|x86
		Release|x64 = Release|x64
		Release|x86 = Release|x86
	EndGlobalSection
	GlobalSection(ProjectConfigurationPlatforms) = postSolution
		{2E4317A8-501C-4E13-8299-44679698C243}.Debug|x64.ActiveCfg = Debug|x64
		{2E4317A8-501C-4E13-8299-44679698C243}.Debug|x64.Build.0 = Debug|x64
		{2E4317A8-501C-4E13-8299-44679698C243}.Debug|x86.ActiveCfg = Debug|Win32
		{2E4317A8-501C-4E13-8299-44679698C243}.Debug|x86.Build.0 = Debug|Win32
		{2E4317A8-501C-4E13-8299-44679698C243}.Release|x64.ActiveCfg = Release|x64
		{2E4317A8-501C-4E13-8299-44679698C243}.Release|x64.Build.0 = Release|x64
		{2E4317A8-501C-4E13-8299-44679698C243}.Release|x86.ActiveCfg = Release|Win32
		{2E4317A8-501C-4E13-8299-44679698C243}.Release|x86.Build.0 = Release|Win32
	EndGlobalSection
	GlobalSection(SolutionProperties) = preSolution
		HideSolutionNode = FALSE
	EndGlobalSection
	GlobalSection(ExtensibilityGlobals) = postSolution
		SolutionGuid = {61C1F4F2-BC73-4AA0-BC47-6904B3089943}
	EndGlobalSection
EndGlobal
